{
  "name": "polen",
  "version": "1.0.0",
  "lockfileVersion": 1,
  "requires": true,
  "dependencies": {
    "jquery": {
      "version": "3.2.1",
      "resolved": "https://registry.npmjs.org/jquery/-/jquery-3.2.1.tgz",
      "integrity": "sha1-XE2d5lKvbNCncBVKYxu6ErAVx4c="
    },
    "w3-css": {
      "version": "4.0.4",
      "resolved": "https://registry.npmjs.org/w3-css/-/w3-css-4.0.4.tgz",
      "integrity": "sha1-Lk7rNtwE3jh9vTvII27gWSyt/oY="
    }
  }
}
